
Microsoft Visual Studio Solution File, Format Version 12.00
# Visual Studio Version 17
VisualStudioVersion = 17.11.35222.181
MinimumVisualStudioVersion = 10.0.40219.1
Project("{2150E333-8FDC-42A3-9474-1A3956D46DE8}") = "src", "src", "{48EC7D0F-D78C-435D-B08D-B684269F2F7A}"
EndProject
Project("{2150E333-8FDC-42A3-9474-1A3956D46DE8}") = "test", "test", "{1B975E3A-C0F3-465C-BD5C-D92B674480D1}"
EndProject
Project("{2150E333-8FDC-42A3-9474-1A3956D46DE8}") = "APIs", "APIs", "{59A3E302-2DB7-41B6-B72F-4DE23C1D7FE4}"
EndProject
Project("{2150E333-8FDC-42A3-9474-1A3956D46DE8}") = "Core", "Core", "{30E1D575-E4C6-445D-ADCA-5F409C51FBEE}"
EndProject
Project("{2150E333-8FDC-42A3-9474-1A3956D46DE8}") = "Infrastructure", "Infrastructure", "{B6BE5892-42CC-4285-AE4B-24CD5C042854}"
EndProject
Project("{2150E333-8FDC-42A3-9474-1A3956D46DE8}") = "UI", "UI", "{6DC2ABE2-4696-47F0-920D-C057A615DF90}"
EndProject
Project("{2150E333-8FDC-42A3-9474-1A3956D46DE8}") = "Client", "Client", "{2CB77E17-5B00-4E20-AD81-834B98E97C85}"
EndProject
Project("{2150E333-8FDC-42A3-9474-1A3956D46DE8}") = "Dashboard", "Dashboard", "{F9F4A065-D607-4C58-994E-BAE2A118C0FC}"
EndProject
Project("{9A19103F-16F7-4668-BE54-9A1E7A4F7556}") = "LinkDev.Talabat.APIs", "LinkDev.Talabat.APIs\LinkDev.Talabat.APIs.csproj", "{81FEE76D-6256-4569-BC0F-69A53280C4E2}"
EndProject
Project("{9A19103F-16F7-4668-BE54-9A1E7A4F7556}") = "LinkDev.Talabat.Core.Domain", "LinkDev.Talabat.Core.Domain\LinkDev.Talabat.Core.Domain.csproj", "{42AF3C22-21D9-4AF1-9185-81AD68775582}"
EndProject
Project("{9A19103F-16F7-4668-BE54-9A1E7A4F7556}") = "LinkDev.Talabat.Core.Application", "LinkDev.Talabat.Core.Application\LinkDev.Talabat.Core.Application.csproj", "{9FBDD2E4-3C3C-4054-988B-945C80C4EB19}"
EndProject
Project("{9A19103F-16F7-4668-BE54-9A1E7A4F7556}") = "LinkDev.Talabat.Core.Application.Abstraction", "LinkDev.Talabat.Core.Application.Abstraction\LinkDev.Talabat.Core.Application.Abstraction.csproj", "{A1D7C76D-0EDD-4B2F-8988-E29039E24D0F}"
EndProject
Project("{9A19103F-16F7-4668-BE54-9A1E7A4F7556}") = "LinkDev.Talabat.Infrastructure", "LinkDev.Talabat.Infrastructure\LinkDev.Talabat.Infrastructure.csproj", "{6BE1FB29-6916-42D0-8D80-110EDBCAE6EC}"
EndProject
Project("{9A19103F-16F7-4668-BE54-9A1E7A4F7556}") = "LinkDev.Talabat.Infrastructure.Persistence", "LinkDev.Talabat.Infrastructure.Persistence\LinkDev.Talabat.Infrastructure.Persistence.csproj", "{E40AFBAE-E476-46D9-AFD1-15DDEF2E0BE1}"
EndProject
Project("{9A19103F-16F7-4668-BE54-9A1E7A4F7556}") = "LinkDev.Talabat.Dashboard", "LinkDev.Talabat.Dashboard\LinkDev.Talabat.Dashboard.csproj", "{55A6C9CC-9ABF-4D1E-98B8-7488EA659BBF}"
EndProject
Project("{FAE04EC0-301F-11D3-BF4B-00C04F79EFBC}") = "LinkDev.Talabat.APIs.Controllers", "LinkDev.Talabat.APIs.Controllers\LinkDev.Talabat.APIs.Controllers.csproj", "{89735D56-047C-4201-9914-498AFBCB3A3A}"
EndProject
Global
	GlobalSection(SolutionConfigurationPlatforms) = preSolution
		Debug|Any CPU = Debug|Any CPU
		Release|Any CPU = Release|Any CPU
	EndGlobalSection
	GlobalSection(ProjectConfigurationPlatforms) = postSolution
		{81FEE76D-6256-4569-BC0F-69A53280C4E2}.Debug|Any CPU.ActiveCfg = Debug|Any CPU
		{81FEE76D-6256-4569-BC0F-69A53280C4E2}.Debug|Any CPU.Build.0 = Debug|Any CPU
		{81FEE76D-6256-4569-BC0F-69A53280C4E2}.Release|Any CPU.ActiveCfg = Release|Any CPU
		{81FEE76D-6256-4569-BC0F-69A53280C4E2}.Release|Any CPU.Build.0 = Release|Any CPU
		{42AF3C22-21D9-4AF1-9185-81AD68775582}.Debug|Any CPU.ActiveCfg = Debug|Any CPU
		{42AF3C22-21D9-4AF1-9185-81AD68775582}.Debug|Any CPU.Build.0 = Debug|Any CPU
		{42AF3C22-21D9-4AF1-9185-81AD68775582}.Release|Any CPU.ActiveCfg = Release|Any CPU
		{42AF3C22-21D9-4AF1-9185-81AD68775582}.Release|Any CPU.Build.0 = Release|Any CPU
		{9FBDD2E4-3C3C-4054-988B-945C80C4EB19}.Debug|Any CPU.ActiveCfg = Debug|Any CPU
		{9FBDD2E4-3C3C-4054-988B-945C80C4EB19}.Debug|Any CPU.Build.0 = Debug|Any CPU
		{9FBDD2E4-3C3C-4054-988B-945C80C4EB19}.Release|Any CPU.ActiveCfg = Release|Any CPU
		{9FBDD2E4-3C3C-4054-988B-945C80C4EB19}.Release|Any CPU.Build.0 = Release|Any CPU
		{A1D7C76D-0EDD-4B2F-8988-E29039E24D0F}.Debug|Any CPU.ActiveCfg = Debug|Any CPU
		{A1D7C76D-0EDD-4B2F-8988-E29039E24D0F}.Debug|Any CPU.Build.0 = Debug|Any CPU
		{A1D7C76D-0EDD-4B2F-8988-E29039E24D0F}.Release|Any CPU.ActiveCfg = Release|Any CPU
		{A1D7C76D-0EDD-4B2F-8988-E29039E24D0F}.Release|Any CPU.Build.0 = Release|Any CPU
		{6BE1FB29-6916-42D0-8D80-110EDBCAE6EC}.Debug|Any CPU.ActiveCfg = Debug|Any CPU
		{6BE1FB29-6916-42D0-8D80-110EDBCAE6EC}.Debug|Any CPU.Build.0 = Debug|Any CPU
		{6BE1FB29-6916-42D0-8D80-110EDBCAE6EC}.Release|Any CPU.ActiveCfg = Release|Any CPU
		{6BE1FB29-6916-42D0-8D80-110EDBCAE6EC}.Release|Any CPU.Build.0 = Release|Any CPU
		{E40AFBAE-E476-46D9-AFD1-15DDEF2E0BE1}.Debug|Any CPU.ActiveCfg = Debug|Any CPU
		{E40AFBAE-E476-46D9-AFD1-15DDEF2E0BE1}.Debug|Any CPU.Build.0 = Debug|Any CPU
		{E40AFBAE-E476-46D9-AFD1-15DDEF2E0BE1}.Release|Any CPU.ActiveCfg = Release|Any CPU
		{E40AFBAE-E476-46D9-AFD1-15DDEF2E0BE1}.Release|Any CPU.Build.0 = Release|Any CPU
		{55A6C9CC-9ABF-4D1E-98B8-7488EA659BBF}.Debug|Any CPU.ActiveCfg = Debug|Any CPU
		{55A6C9CC-9ABF-4D1E-98B8-7488EA659BBF}.Debug|Any CPU.Build.0 = Debug|Any CPU
		{55A6C9CC-9ABF-4D1E-98B8-7488EA659BBF}.Release|Any CPU.ActiveCfg = Release|Any CPU
		{55A6C9CC-9ABF-4D1E-98B8-7488EA659BBF}.Release|Any CPU.Build.0 = Release|Any CPU
		{89735D56-047C-4201-9914-498AFBCB3A3A}.Debug|Any CPU.ActiveCfg = Debug|Any CPU
		{89735D56-047C-4201-9914-498AFBCB3A3A}.Debug|Any CPU.Build.0 = Debug|Any CPU
		{89735D56-047C-4201-9914-498AFBCB3A3A}.Release|Any CPU.ActiveCfg = Release|Any CPU
		{89735D56-047C-4201-9914-498AFBCB3A3A}.Release|Any CPU.Build.0 = Release|Any CPU
	EndGlobalSection
	GlobalSection(SolutionProperties) = preSolution
		HideSolutionNode = FALSE
	EndGlobalSection
	GlobalSection(NestedProjects) = preSolution
		{59A3E302-2DB7-41B6-B72F-4DE23C1D7FE4} = {48EC7D0F-D78C-435D-B08D-B684269F2F7A}
		{30E1D575-E4C6-445D-ADCA-5F409C51FBEE} = {48EC7D0F-D78C-435D-B08D-B684269F2F7A}
		{B6BE5892-42CC-4285-AE4B-24CD5C042854} = {48EC7D0F-D78C-435D-B08D-B684269F2F7A}
		{6DC2ABE2-4696-47F0-920D-C057A615DF90} = {48EC7D0F-D78C-435D-B08D-B684269F2F7A}
		{2CB77E17-5B00-4E20-AD81-834B98E97C85} = {6DC2ABE2-4696-47F0-920D-C057A615DF90}
		{F9F4A065-D607-4C58-994E-BAE2A118C0FC} = {6DC2ABE2-4696-47F0-920D-C057A615DF90}
		{81FEE76D-6256-4569-BC0F-69A53280C4E2} = {59A3E302-2DB7-41B6-B72F-4DE23C1D7FE4}
		{42AF3C22-21D9-4AF1-9185-81AD68775582} = {30E1D575-E4C6-445D-ADCA-5F409C51FBEE}
		{9FBDD2E4-3C3C-4054-988B-945C80C4EB19} = {30E1D575-E4C6-445D-ADCA-5F409C51FBEE}
		{A1D7C76D-0EDD-4B2F-8988-E29039E24D0F} = {30E1D575-E4C6-445D-ADCA-5F409C51FBEE}
		{6BE1FB29-6916-42D0-8D80-110EDBCAE6EC} = {B6BE5892-42CC-4285-AE4B-24CD5C042854}
		{E40AFBAE-E476-46D9-AFD1-15DDEF2E0BE1} = {B6BE5892-42CC-4285-AE4B-24CD5C042854}
		{55A6C9CC-9ABF-4D1E-98B8-7488EA659BBF} = {F9F4A065-D607-4C58-994E-BAE2A118C0FC}
		{89735D56-047C-4201-9914-498AFBCB3A3A} = {59A3E302-2DB7-41B6-B72F-4DE23C1D7FE4}
	EndGlobalSection
	GlobalSection(ExtensibilityGlobals) = postSolution
		SolutionGuid = {2909668D-9731-4CD6-ACC5-EFDDD3787743}
	EndGlobalSection
EndGlobal
